
Microsoft Visual Studio Solution File, Format Version 12.00
# Visual Studio Version 17
VisualStudioVersion = 17.9.34701.34
MinimumVisualStudioVersion = 10.0.40219.1
Project("{FAE04EC0-301F-11D3-BF4B-00C04F79EFBC}") = "LaundryModels", "LaundryModels.csproj", "{8DFB2DFF-3B9E-4EE9-8962-AB9DBB270198}"
EndProject
Project("{FAE04EC0-301F-11D3-BF4B-00C04F79EFBC}") = "LaundryDL", "..\LaundryDL\LaundryDL.csproj", "{664D088F-0C30-46EB-9663-8166FE90F87C}"
EndProject
Project("{FAE04EC0-301F-11D3-BF4B-00C04F79EFBC}") = "LaundryBL", "..\LaundryBL\LaundryBL.csproj", "{4074FB5C-DB76-40EB-82B4-646C6729B4E6}"
EndProject
Project("{FAE04EC0-301F-11D3-BF4B-00C04F79EFBC}") = "Client", "..\Client\Client.csproj", "{868E5B59-0CE1-45C4-A747-16FA0BD104BA}"
EndProject
Project("{FAE04EC0-301F-11D3-BF4B-00C04F79EFBC}") = "LaundryShopAPI", "..\LaundryShopAPI\LaundryShopAPI.csproj", "{7AD66F3B-309C-4D2F-8535-CF4AA0634DFC}"
EndProject
Global
	GlobalSection(SolutionConfigurationPlatforms) = preSolution
		Debug|Any CPU = Debug|Any CPU
		Release|Any CPU = Release|Any CPU
	EndGlobalSection
	GlobalSection(ProjectConfigurationPlatforms) = postSolution
		{8DFB2DFF-3B9E-4EE9-8962-AB9DBB270198}.Debug|Any CPU.ActiveCfg = Debug|Any CPU
		{8DFB2DFF-3B9E-4EE9-8962-AB9DBB270198}.Debug|Any CPU.Build.0 = Debug|Any CPU
		{8DFB2DFF-3B9E-4EE9-8962-AB9DBB270198}.Release|Any CPU.ActiveCfg = Release|Any CPU
		{8DFB2DFF-3B9E-4EE9-8962-AB9DBB270198}.Release|Any CPU.Build.0 = Release|Any CPU
		{664D088F-0C30-46EB-9663-8166FE90F87C}.Debug|Any CPU.ActiveCfg = Debug|Any CPU
		{664D088F-0C30-46EB-9663-8166FE90F87C}.Debug|Any CPU.Build.0 = Debug|Any CPU
		{664D088F-0C30-46EB-9663-8166FE90F87C}.Release|Any CPU.ActiveCfg = Release|Any CPU
		{664D088F-0C30-46EB-9663-8166FE90F87C}.Release|Any CPU.Build.0 = Release|Any CPU
		{4074FB5C-DB76-40EB-82B4-646C6729B4E6}.Debug|Any CPU.ActiveCfg = Debug|Any CPU
		{4074FB5C-DB76-40EB-82B4-646C6729B4E6}.Debug|Any CPU.Build.0 = Debug|Any CPU
		{4074FB5C-DB76-40EB-82B4-646C6729B4E6}.Release|Any CPU.ActiveCfg = Release|Any CPU
		{4074FB5C-DB76-40EB-82B4-646C6729B4E6}.Release|Any CPU.Build.0 = Release|Any CPU
		{868E5B59-0CE1-45C4-A747-16FA0BD104BA}.Debug|Any CPU.ActiveCfg = Debug|Any CPU
		{868E5B59-0CE1-45C4-A747-16FA0BD104BA}.Debug|Any CPU.Build.0 = Debug|Any CPU
		{868E5B59-0CE1-45C4-A747-16FA0BD104BA}.Release|Any CPU.ActiveCfg = Release|Any CPU
		{868E5B59-0CE1-45C4-A747-16FA0BD104BA}.Release|Any CPU.Build.0 = Release|Any CPU
		{7AD66F3B-309C-4D2F-8535-CF4AA0634DFC}.Debug|Any CPU.ActiveCfg = Debug|Any CPU
		{7AD66F3B-309C-4D2F-8535-CF4AA0634DFC}.Debug|Any CPU.Build.0 = Debug|Any CPU
		{7AD66F3B-309C-4D2F-8535-CF4AA0634DFC}.Release|Any CPU.ActiveCfg = Release|Any CPU
		{7AD66F3B-309C-4D2F-8535-CF4AA0634DFC}.Release|Any CPU.Build.0 = Release|Any CPU
	EndGlobalSection
	GlobalSection(SolutionProperties) = preSolution
		HideSolutionNode = FALSE
	EndGlobalSection
	GlobalSection(ExtensibilityGlobals) = postSolution
		SolutionGuid = {4AC72480-9178-4F48-B8F3-07AFAF09ED09}
	EndGlobalSection
EndGlobal
